
Microsoft Visual Studio Solution File, Format Version 12.00
# Visual Studio Version 16
VisualStudioVersion = 16.0.29609.76
MinimumVisualStudioVersion = 10.0.40219.1
Project("{9A19103F-16F7-4668-BE54-9A1E7A4F7556}") = "ArqSandBox.Presentation", "ArqSandBox\ArqSandBox.Presentation.csproj", "{79F2227B-936B-4720-8D9D-04F615265EE3}"
EndProject
Project("{9A19103F-16F7-4668-BE54-9A1E7A4F7556}") = "ArqSandBox.Facade", "ArqSandBox.Facade\ArqSandBox.Facade.csproj", "{052ED4E7-D157-4D89-AE76-26B3417F06E6}"
EndProject
Project("{9A19103F-16F7-4668-BE54-9A1E7A4F7556}") = "ArqSandBox.BusinessLogic", "ArqSandBox.BusinessLogic\ArqSandBox.BusinessLogic.csproj", "{BDFEED83-28A7-4EE9-BA75-8BFE7A7137A9}"
EndProject
Project("{9A19103F-16F7-4668-BE54-9A1E7A4F7556}") = "ArqSandBox.Model", "ArqSandBox.Model\ArqSandBox.Model.csproj", "{FB6D9740-49D6-41BD-BB45-2DD96EE9F1C7}"
EndProject
Project("{2150E333-8FDC-42A3-9474-1A3956D46DE8}") = "1. Presentation", "1. Presentation", "{EFAE9C35-A062-4F43-BB5A-63497AC0CB95}"
EndProject
Project("{2150E333-8FDC-42A3-9474-1A3956D46DE8}") = "2. Facade", "2. Facade", "{C1F21E6F-D083-498B-BF12-BBF66649ADA8}"
EndProject
Project("{2150E333-8FDC-42A3-9474-1A3956D46DE8}") = "3. Business Logic", "3. Business Logic", "{AF1A4D2E-BD23-4011-9E8E-9C1A288BEFC0}"
EndProject
Project("{2150E333-8FDC-42A3-9474-1A3956D46DE8}") = "4. Model", "4. Model", "{0126DF42-2B6B-4F99-B9DD-C18345D51553}"
EndProject
Project("{2150E333-8FDC-42A3-9474-1A3956D46DE8}") = "5. Tests", "5. Tests", "{BF28EDC4-8BDC-4C09-ADE5-CDBCDB65EFBA}"
EndProject
Project("{FAE04EC0-301F-11D3-BF4B-00C04F79EFBC}") = "ArqSandBox.Tests", "ArqSandBox.Tests\ArqSandBox.Tests.csproj", "{AD8DF74E-3C51-40D7-ADCB-3B92B75FB95A}"
EndProject
Global
	GlobalSection(SolutionConfigurationPlatforms) = preSolution
		Debug|Any CPU = Debug|Any CPU
		Release|Any CPU = Release|Any CPU
	EndGlobalSection
	GlobalSection(ProjectConfigurationPlatforms) = postSolution
		{79F2227B-936B-4720-8D9D-04F615265EE3}.Debug|Any CPU.ActiveCfg = Debug|Any CPU
		{79F2227B-936B-4720-8D9D-04F615265EE3}.Debug|Any CPU.Build.0 = Debug|Any CPU
		{79F2227B-936B-4720-8D9D-04F615265EE3}.Release|Any CPU.ActiveCfg = Release|Any CPU
		{79F2227B-936B-4720-8D9D-04F615265EE3}.Release|Any CPU.Build.0 = Release|Any CPU
		{052ED4E7-D157-4D89-AE76-26B3417F06E6}.Debug|Any CPU.ActiveCfg = Debug|Any CPU
		{052ED4E7-D157-4D89-AE76-26B3417F06E6}.Debug|Any CPU.Build.0 = Debug|Any CPU
		{052ED4E7-D157-4D89-AE76-26B3417F06E6}.Release|Any CPU.ActiveCfg = Release|Any CPU
		{052ED4E7-D157-4D89-AE76-26B3417F06E6}.Release|Any CPU.Build.0 = Release|Any CPU
		{BDFEED83-28A7-4EE9-BA75-8BFE7A7137A9}.Debug|Any CPU.ActiveCfg = Debug|Any CPU
		{BDFEED83-28A7-4EE9-BA75-8BFE7A7137A9}.Debug|Any CPU.Build.0 = Debug|Any CPU
		{BDFEED83-28A7-4EE9-BA75-8BFE7A7137A9}.Release|Any CPU.ActiveCfg = Release|Any CPU
		{BDFEED83-28A7-4EE9-BA75-8BFE7A7137A9}.Release|Any CPU.Build.0 = Release|Any CPU
		{FB6D9740-49D6-41BD-BB45-2DD96EE9F1C7}.Debug|Any CPU.ActiveCfg = Debug|Any CPU
		{FB6D9740-49D6-41BD-BB45-2DD96EE9F1C7}.Debug|Any CPU.Build.0 = Debug|Any CPU
		{FB6D9740-49D6-41BD-BB45-2DD96EE9F1C7}.Release|Any CPU.ActiveCfg = Release|Any CPU
		{FB6D9740-49D6-41BD-BB45-2DD96EE9F1C7}.Release|Any CPU.Build.0 = Release|Any CPU
		{AD8DF74E-3C51-40D7-ADCB-3B92B75FB95A}.Debug|Any CPU.ActiveCfg = Debug|Any CPU
		{AD8DF74E-3C51-40D7-ADCB-3B92B75FB95A}.Debug|Any CPU.Build.0 = Debug|Any CPU
		{AD8DF74E-3C51-40D7-ADCB-3B92B75FB95A}.Release|Any CPU.ActiveCfg = Release|Any CPU
		{AD8DF74E-3C51-40D7-ADCB-3B92B75FB95A}.Release|Any CPU.Build.0 = Release|Any CPU
	EndGlobalSection
	GlobalSection(SolutionProperties) = preSolution
		HideSolutionNode = FALSE
	EndGlobalSection
	GlobalSection(NestedProjects) = preSolution
		{79F2227B-936B-4720-8D9D-04F615265EE3} = {EFAE9C35-A062-4F43-BB5A-63497AC0CB95}
		{052ED4E7-D157-4D89-AE76-26B3417F06E6} = {C1F21E6F-D083-498B-BF12-BBF66649ADA8}
		{BDFEED83-28A7-4EE9-BA75-8BFE7A7137A9} = {AF1A4D2E-BD23-4011-9E8E-9C1A288BEFC0}
		{FB6D9740-49D6-41BD-BB45-2DD96EE9F1C7} = {0126DF42-2B6B-4F99-B9DD-C18345D51553}
		{AD8DF74E-3C51-40D7-ADCB-3B92B75FB95A} = {BF28EDC4-8BDC-4C09-ADE5-CDBCDB65EFBA}
	EndGlobalSection
	GlobalSection(ExtensibilityGlobals) = postSolution
		SolutionGuid = {EEC04CBF-58E4-4703-BF8D-236840B894F0}
	EndGlobalSection
EndGlobal
